
Microsoft Visual Studio Solution File, Format Version 12.00
# Visual Studio Version 16
VisualStudioVersion = 16.0.30114.105
MinimumVisualStudioVersion = 10.0.40219.1
Project("{2150E333-8FDC-42A3-9474-1A3956D46DE8}") = "src", "src", "{7B1A915C-1749-4CD5-A3C6-C7249A3A3DDB}"
EndProject
Project("{2150E333-8FDC-42A3-9474-1A3956D46DE8}") = "core", "core", "{2068653E-AABE-495A-AD08-C8B1EF08934F}"
EndProject
Project("{9A19103F-16F7-4668-BE54-9A1E7A4F7556}") = "Travel.Domain", "src\core\Travel.Domain\Travel.Domain.csproj", "{387C5917-E334-42AA-8C2A-D1F56E433115}"
EndProject
Project("{9A19103F-16F7-4668-BE54-9A1E7A4F7556}") = "Travel.Application", "src\core\Travel.Application\Travel.Application.csproj", "{3EAA0E52-F043-4971-955A-FCC8E569CFF1}"
EndProject
Project("{2150E333-8FDC-42A3-9474-1A3956D46DE8}") = "infrastructure", "infrastructure", "{9FF202A3-540C-4F9A-B161-10A8A0821EA5}"
EndProject
Project("{9A19103F-16F7-4668-BE54-9A1E7A4F7556}") = "Travel.Data", "src\infrastructure\Travel.Data\Travel.Data.csproj", "{EBE467D0-841C-452A-A98F-71ED36D081AA}"
EndProject
Project("{9A19103F-16F7-4668-BE54-9A1E7A4F7556}") = "Travel.Shared", "src\infrastructure\Travel.Shared\Travel.Shared.csproj", "{4FC03E29-B7CF-4616-8BC1-CE2492AF5CF6}"
EndProject
Project("{2150E333-8FDC-42A3-9474-1A3956D46DE8}") = "presentation", "presentation", "{0697F24C-BEEF-48A4-9211-E1E7AAF349A1}"
EndProject
Project("{9A19103F-16F7-4668-BE54-9A1E7A4F7556}") = "Travel.WebApi", "src\presentation\Travel.WebApi\Travel.WebApi.csproj", "{7749CBAD-DDC5-4D3C-984E-299CB826D0FF}"
EndProject
Project("{FAE04EC0-301F-11D3-BF4B-00C04F79EFBC}") = "Travel.Identity", "src\infrastructure\Travel.Identity\Travel.Identity.csproj", "{E7D461FE-8FBE-4E64-A943-784EC5D80ABD}"
EndProject
Global
	GlobalSection(SolutionConfigurationPlatforms) = preSolution
		Debug|Any CPU = Debug|Any CPU
		Debug|x64 = Debug|x64
		Debug|x86 = Debug|x86
		Release|Any CPU = Release|Any CPU
		Release|x64 = Release|x64
		Release|x86 = Release|x86
	EndGlobalSection
	GlobalSection(ProjectConfigurationPlatforms) = postSolution
		{387C5917-E334-42AA-8C2A-D1F56E433115}.Debug|Any CPU.ActiveCfg = Debug|Any CPU
		{387C5917-E334-42AA-8C2A-D1F56E433115}.Debug|Any CPU.Build.0 = Debug|Any CPU
		{387C5917-E334-42AA-8C2A-D1F56E433115}.Debug|x64.ActiveCfg = Debug|Any CPU
		{387C5917-E334-42AA-8C2A-D1F56E433115}.Debug|x64.Build.0 = Debug|Any CPU
		{387C5917-E334-42AA-8C2A-D1F56E433115}.Debug|x86.ActiveCfg = Debug|Any CPU
		{387C5917-E334-42AA-8C2A-D1F56E433115}.Debug|x86.Build.0 = Debug|Any CPU
		{387C5917-E334-42AA-8C2A-D1F56E433115}.Release|Any CPU.ActiveCfg = Release|Any CPU
		{387C5917-E334-42AA-8C2A-D1F56E433115}.Release|Any CPU.Build.0 = Release|Any CPU
		{387C5917-E334-42AA-8C2A-D1F56E433115}.Release|x64.ActiveCfg = Release|Any CPU
		{387C5917-E334-42AA-8C2A-D1F56E433115}.Release|x64.Build.0 = Release|Any CPU
		{387C5917-E334-42AA-8C2A-D1F56E433115}.Release|x86.ActiveCfg = Release|Any CPU
		{387C5917-E334-42AA-8C2A-D1F56E433115}.Release|x86.Build.0 = Release|Any CPU
		{3EAA0E52-F043-4971-955A-FCC8E569CFF1}.Debug|Any CPU.ActiveCfg = Debug|Any CPU
		{3EAA0E52-F043-4971-955A-FCC8E569CFF1}.Debug|Any CPU.Build.0 = Debug|Any CPU
		{3EAA0E52-F043-4971-955A-FCC8E569CFF1}.Debug|x64.ActiveCfg = Debug|Any CPU
		{3EAA0E52-F043-4971-955A-FCC8E569CFF1}.Debug|x64.Build.0 = Debug|Any CPU
		{3EAA0E52-F043-4971-955A-FCC8E569CFF1}.Debug|x86.ActiveCfg = Debug|Any CPU
		{3EAA0E52-F043-4971-955A-FCC8E569CFF1}.Debug|x86.Build.0 = Debug|Any CPU
		{3EAA0E52-F043-4971-955A-FCC8E569CFF1}.Release|Any CPU.ActiveCfg = Release|Any CPU
		{3EAA0E52-F043-4971-955A-FCC8E569CFF1}.Release|Any CPU.Build.0 = Release|Any CPU
		{3EAA0E52-F043-4971-955A-FCC8E569CFF1}.Release|x64.ActiveCfg = Release|Any CPU
		{3EAA0E52-F043-4971-955A-FCC8E569CFF1}.Release|x64.Build.0 = Release|Any CPU
		{3EAA0E52-F043-4971-955A-FCC8E569CFF1}.Release|x86.ActiveCfg = Release|Any CPU
		{3EAA0E52-F043-4971-955A-FCC8E569CFF1}.Release|x86.Build.0 = Release|Any CPU
		{EBE467D0-841C-452A-A98F-71ED36D081AA}.Debug|Any CPU.ActiveCfg = Debug|Any CPU
		{EBE467D0-841C-452A-A98F-71ED36D081AA}.Debug|Any CPU.Build.0 = Debug|Any CPU
		{EBE467D0-841C-452A-A98F-71ED36D081AA}.Debug|x64.ActiveCfg = Debug|Any CPU
		{EBE467D0-841C-452A-A98F-71ED36D081AA}.Debug|x64.Build.0 = Debug|Any CPU
		{EBE467D0-841C-452A-A98F-71ED36D081AA}.Debug|x86.ActiveCfg = Debug|Any CPU
		{EBE467D0-841C-452A-A98F-71ED36D081AA}.Debug|x86.Build.0 = Debug|Any CPU
		{EBE467D0-841C-452A-A98F-71ED36D081AA}.Release|Any CPU.ActiveCfg = Release|Any CPU
		{EBE467D0-841C-452A-A98F-71ED36D081AA}.Release|Any CPU.Build.0 = Release|Any CPU
		{EBE467D0-841C-452A-A98F-71ED36D081AA}.Release|x64.ActiveCfg = Release|Any CPU
		{EBE467D0-841C-452A-A98F-71ED36D081AA}.Release|x64.Build.0 = Release|Any CPU
		{EBE467D0-841C-452A-A98F-71ED36D081AA}.Release|x86.ActiveCfg = Release|Any CPU
		{EBE467D0-841C-452A-A98F-71ED36D081AA}.Release|x86.Build.0 = Release|Any CPU
		{4FC03E29-B7CF-4616-8BC1-CE2492AF5CF6}.Debug|Any CPU.ActiveCfg = Debug|Any CPU
		{4FC03E29-B7CF-4616-8BC1-CE2492AF5CF6}.Debug|Any CPU.Build.0 = Debug|Any CPU
		{4FC03E29-B7CF-4616-8BC1-CE2492AF5CF6}.Debug|x64.ActiveCfg = Debug|Any CPU
		{4FC03E29-B7CF-4616-8BC1-CE2492AF5CF6}.Debug|x64.Build.0 = Debug|Any CPU
		{4FC03E29-B7CF-4616-8BC1-CE2492AF5CF6}.Debug|x86.ActiveCfg = Debug|Any CPU
		{4FC03E29-B7CF-4616-8BC1-CE2492AF5CF6}.Debug|x86.Build.0 = Debug|Any CPU
		{4FC03E29-B7CF-4616-8BC1-CE2492AF5CF6}.Release|Any CPU.ActiveCfg = Release|Any CPU
		{4FC03E29-B7CF-4616-8BC1-CE2492AF5CF6}.Release|Any CPU.Build.0 = Release|Any CPU
		{4FC03E29-B7CF-4616-8BC1-CE2492AF5CF6}.Release|x64.ActiveCfg = Release|Any CPU
		{4FC03E29-B7CF-4616-8BC1-CE2492AF5CF6}.Release|x64.Build.0 = Release|Any CPU
		{4FC03E29-B7CF-4616-8BC1-CE2492AF5CF6}.Release|x86.ActiveCfg = Release|Any CPU
		{4FC03E29-B7CF-4616-8BC1-CE2492AF5CF6}.Release|x86.Build.0 = Release|Any CPU
		{7749CBAD-DDC5-4D3C-984E-299CB826D0FF}.Debug|Any CPU.ActiveCfg = Debug|Any CPU
		{7749CBAD-DDC5-4D3C-984E-299CB826D0FF}.Debug|Any CPU.Build.0 = Debug|Any CPU
		{7749CBAD-DDC5-4D3C-984E-299CB826D0FF}.Debug|x64.ActiveCfg = Debug|Any CPU
		{7749CBAD-DDC5-4D3C-984E-299CB826D0FF}.Debug|x64.Build.0 = Debug|Any CPU
		{7749CBAD-DDC5-4D3C-984E-299CB826D0FF}.Debug|x86.ActiveCfg = Debug|Any CPU
		{7749CBAD-DDC5-4D3C-984E-299CB826D0FF}.Debug|x86.Build.0 = Debug|Any CPU
		{7749CBAD-DDC5-4D3C-984E-299CB826D0FF}.Release|Any CPU.ActiveCfg = Release|Any CPU
		{7749CBAD-DDC5-4D3C-984E-299CB826D0FF}.Release|Any CPU.Build.0 = Release|Any CPU
		{7749CBAD-DDC5-4D3C-984E-299CB826D0FF}.Release|x64.ActiveCfg = Release|Any CPU
		{7749CBAD-DDC5-4D3C-984E-299CB826D0FF}.Release|x64.Build.0 = Release|Any CPU
		{7749CBAD-DDC5-4D3C-984E-299CB826D0FF}.Release|x86.ActiveCfg = Release|Any CPU
		{7749CBAD-DDC5-4D3C-984E-299CB826D0FF}.Release|x86.Build.0 = Release|Any CPU
		{E7D461FE-8FBE-4E64-A943-784EC5D80ABD}.Debug|Any CPU.ActiveCfg = Debug|Any CPU
		{E7D461FE-8FBE-4E64-A943-784EC5D80ABD}.Debug|Any CPU.Build.0 = Debug|Any CPU
		{E7D461FE-8FBE-4E64-A943-784EC5D80ABD}.Debug|x64.ActiveCfg = Debug|Any CPU
		{E7D461FE-8FBE-4E64-A943-784EC5D80ABD}.Debug|x64.Build.0 = Debug|Any CPU
		{E7D461FE-8FBE-4E64-A943-784EC5D80ABD}.Debug|x86.ActiveCfg = Debug|Any CPU
		{E7D461FE-8FBE-4E64-A943-784EC5D80ABD}.Debug|x86.Build.0 = Debug|Any CPU
		{E7D461FE-8FBE-4E64-A943-784EC5D80ABD}.Release|Any CPU.ActiveCfg = Release|Any CPU
		{E7D461FE-8FBE-4E64-A943-784EC5D80ABD}.Release|Any CPU.Build.0 = Release|Any CPU
		{E7D461FE-8FBE-4E64-A943-784EC5D80ABD}.Release|x64.ActiveCfg = Release|Any CPU
		{E7D461FE-8FBE-4E64-A943-784EC5D80ABD}.Release|x64.Build.0 = Release|Any CPU
		{E7D461FE-8FBE-4E64-A943-784EC5D80ABD}.Release|x86.ActiveCfg = Release|Any CPU
		{E7D461FE-8FBE-4E64-A943-784EC5D80ABD}.Release|x86.Build.0 = Release|Any CPU
	EndGlobalSection
	GlobalSection(SolutionProperties) = preSolution
		HideSolutionNode = FALSE
	EndGlobalSection
	GlobalSection(NestedProjects) = preSolution
		{2068653E-AABE-495A-AD08-C8B1EF08934F} = {7B1A915C-1749-4CD5-A3C6-C7249A3A3DDB}
		{387C5917-E334-42AA-8C2A-D1F56E433115} = {2068653E-AABE-495A-AD08-C8B1EF08934F}
		{3EAA0E52-F043-4971-955A-FCC8E569CFF1} = {2068653E-AABE-495A-AD08-C8B1EF08934F}
		{9FF202A3-540C-4F9A-B161-10A8A0821EA5} = {7B1A915C-1749-4CD5-A3C6-C7249A3A3DDB}
		{EBE467D0-841C-452A-A98F-71ED36D081AA} = {9FF202A3-540C-4F9A-B161-10A8A0821EA5}
		{4FC03E29-B7CF-4616-8BC1-CE2492AF5CF6} = {9FF202A3-540C-4F9A-B161-10A8A0821EA5}
		{0697F24C-BEEF-48A4-9211-E1E7AAF349A1} = {7B1A915C-1749-4CD5-A3C6-C7249A3A3DDB}
		{7749CBAD-DDC5-4D3C-984E-299CB826D0FF} = {0697F24C-BEEF-48A4-9211-E1E7AAF349A1}
		{E7D461FE-8FBE-4E64-A943-784EC5D80ABD} = {9FF202A3-540C-4F9A-B161-10A8A0821EA5}
	EndGlobalSection
	GlobalSection(ExtensibilityGlobals) = postSolution
		SolutionGuid = {A22AA757-3B78-49F1-A674-BCD6E14F6253}
	EndGlobalSection
EndGlobal
